
Microsoft Visual Studio Solution File, Format Version 11.00
# Visual Studio 2010
Project("{FAE04EC0-301F-11D3-BF4B-00C04F79EFBC}") = "ESCMSGUI", "ECMS\ESCMSGUI.csproj", "{48EE80D1-D4A0-497F-800F-B55ABA85DBBA}"
EndProject
Project("{FAE04EC0-301F-11D3-BF4B-00C04F79EFBC}") = "ESCMSData", "ESCMS Data\ESCMSData.csproj", "{46F8EE25-F42C-415C-8402-E225EF70AA6D}"
EndProject
Project("{FAE04EC0-301F-11D3-BF4B-00C04F79EFBC}") = "ESCMSStorage", "ESCMS Storage\ESCMSStorage.csproj", "{3BABB692-EF13-4E77-A967-07A42FBC45D3}"
EndProject
Project("{FAE04EC0-301F-11D3-BF4B-00C04F79EFBC}") = "EscmsStyles", "EscmsStyles\EscmsStyles.csproj", "{0226B1B2-B6BB-441B-899E-29A36BDB74D7}"
EndProject
Global
	GlobalSection(SolutionConfigurationPlatforms) = preSolution
		Debug|Any CPU = Debug|Any CPU
		Debug|Mixed Platforms = Debug|Mixed Platforms
		Debug|x86 = Debug|x86
		Release|Any CPU = Release|Any CPU
		Release|Mixed Platforms = Release|Mixed Platforms
		Release|x86 = Release|x86
	EndGlobalSection
	GlobalSection(ProjectConfigurationPlatforms) = postSolution
		{48EE80D1-D4A0-497F-800F-B55ABA85DBBA}.Debug|Any CPU.ActiveCfg = Debug|x86
		{48EE80D1-D4A0-497F-800F-B55ABA85DBBA}.Debug|Mixed Platforms.ActiveCfg = Debug|x86
		{48EE80D1-D4A0-497F-800F-B55ABA85DBBA}.Debug|Mixed Platforms.Build.0 = Debug|x86
		{48EE80D1-D4A0-497F-800F-B55ABA85DBBA}.Debug|x86.ActiveCfg = Debug|x86
		{48EE80D1-D4A0-497F-800F-B55ABA85DBBA}.Debug|x86.Build.0 = Debug|x86
		{48EE80D1-D4A0-497F-800F-B55ABA85DBBA}.Release|Any CPU.ActiveCfg = Release|x86
		{48EE80D1-D4A0-497F-800F-B55ABA85DBBA}.Release|Mixed Platforms.ActiveCfg = Release|x86
		{48EE80D1-D4A0-497F-800F-B55ABA85DBBA}.Release|Mixed Platforms.Build.0 = Release|x86
		{48EE80D1-D4A0-497F-800F-B55ABA85DBBA}.Release|x86.ActiveCfg = Release|x86
		{48EE80D1-D4A0-497F-800F-B55ABA85DBBA}.Release|x86.Build.0 = Release|x86
		{46F8EE25-F42C-415C-8402-E225EF70AA6D}.Debug|Any CPU.ActiveCfg = Debug|Any CPU
		{46F8EE25-F42C-415C-8402-E225EF70AA6D}.Debug|Any CPU.Build.0 = Debug|Any CPU
		{46F8EE25-F42C-415C-8402-E225EF70AA6D}.Debug|Mixed Platforms.ActiveCfg = Debug|Any CPU
		{46F8EE25-F42C-415C-8402-E225EF70AA6D}.Debug|Mixed Platforms.Build.0 = Debug|Any CPU
		{46F8EE25-F42C-415C-8402-E225EF70AA6D}.Debug|x86.ActiveCfg = Debug|Any CPU
		{46F8EE25-F42C-415C-8402-E225EF70AA6D}.Release|Any CPU.ActiveCfg = Release|Any CPU
		{46F8EE25-F42C-415C-8402-E225EF70AA6D}.Release|Any CPU.Build.0 = Release|Any CPU
		{46F8EE25-F42C-415C-8402-E225EF70AA6D}.Release|Mixed Platforms.ActiveCfg = Release|Any CPU
		{46F8EE25-F42C-415C-8402-E225EF70AA6D}.Release|Mixed Platforms.Build.0 = Release|Any CPU
		{46F8EE25-F42C-415C-8402-E225EF70AA6D}.Release|x86.ActiveCfg = Release|Any CPU
		{3BABB692-EF13-4E77-A967-07A42FBC45D3}.Debug|Any CPU.ActiveCfg = Debug|Any CPU
		{3BABB692-EF13-4E77-A967-07A42FBC45D3}.Debug|Any CPU.Build.0 = Debug|Any CPU
		{3BABB692-EF13-4E77-A967-07A42FBC45D3}.Debug|Mixed Platforms.ActiveCfg = Debug|Any CPU
		{3BABB692-EF13-4E77-A967-07A42FBC45D3}.Debug|Mixed Platforms.Build.0 = Debug|Any CPU
		{3BABB692-EF13-4E77-A967-07A42FBC45D3}.Debug|x86.ActiveCfg = Debug|Any CPU
		{3BABB692-EF13-4E77-A967-07A42FBC45D3}.Release|Any CPU.ActiveCfg = Release|Any CPU
		{3BABB692-EF13-4E77-A967-07A42FBC45D3}.Release|Any CPU.Build.0 = Release|Any CPU
		{3BABB692-EF13-4E77-A967-07A42FBC45D3}.Release|Mixed Platforms.ActiveCfg = Release|Any CPU
		{3BABB692-EF13-4E77-A967-07A42FBC45D3}.Release|Mixed Platforms.Build.0 = Release|Any CPU
		{3BABB692-EF13-4E77-A967-07A42FBC45D3}.Release|x86.ActiveCfg = Release|Any CPU
		{0226B1B2-B6BB-441B-899E-29A36BDB74D7}.Debug|Any CPU.ActiveCfg = Debug|Any CPU
		{0226B1B2-B6BB-441B-899E-29A36BDB74D7}.Debug|Any CPU.Build.0 = Debug|Any CPU
		{0226B1B2-B6BB-441B-899E-29A36BDB74D7}.Debug|Mixed Platforms.ActiveCfg = Debug|Any CPU
		{0226B1B2-B6BB-441B-899E-29A36BDB74D7}.Debug|Mixed Platforms.Build.0 = Debug|Any CPU
		{0226B1B2-B6BB-441B-899E-29A36BDB74D7}.Debug|x86.ActiveCfg = Debug|Any CPU
		{0226B1B2-B6BB-441B-899E-29A36BDB74D7}.Release|Any CPU.ActiveCfg = Release|Any CPU
		{0226B1B2-B6BB-441B-899E-29A36BDB74D7}.Release|Any CPU.Build.0 = Release|Any CPU
		{0226B1B2-B6BB-441B-899E-29A36BDB74D7}.Release|Mixed Platforms.ActiveCfg = Release|Any CPU
		{0226B1B2-B6BB-441B-899E-29A36BDB74D7}.Release|Mixed Platforms.Build.0 = Release|Any CPU
		{0226B1B2-B6BB-441B-899E-29A36BDB74D7}.Release|x86.ActiveCfg = Release|Any CPU
	EndGlobalSection
	GlobalSection(SolutionProperties) = preSolution
		HideSolutionNode = FALSE
	EndGlobalSection
EndGlobal
